
Microsoft Visual Studio Solution File, Format Version 12.00
# Visual Studio Version 16
VisualStudioVersion = 16.0.30104.148
MinimumVisualStudioVersion = 10.0.40219.1
Project("{FAE04EC0-301F-11D3-BF4B-00C04F79EFBC}") = "Argument", "Arguments\Argument.csproj", "{4D3A5E95-3734-4E44-8FF3-1ED00EEA54BD}"
EndProject
Project("{FAE04EC0-301F-11D3-BF4B-00C04F79EFBC}") = "ArgumentsLib", "ArgumentsLib\ArgumentsLib.csproj", "{A92E061F-46B4-4C15-BA04-0A35E04B0880}"
EndProject
Project("{FAE04EC0-301F-11D3-BF4B-00C04F79EFBC}") = "ArgumentsLibTest", "ArgumentsLibTest\ArgumentsLibTest.csproj", "{5136DBB5-E651-4C90-B173-104F35852087}"
EndProject
Project("{FAE04EC0-301F-11D3-BF4B-00C04F79EFBC}") = "ArgumentMarshalerLib", "ArgumentMarshalerLib\ArgumentMarshalerLib.csproj", "{7C90BE70-0FC7-4E54-942E-7C575772E5BE}"
EndProject
Project("{FAE04EC0-301F-11D3-BF4B-00C04F79EFBC}") = "BooleanMarshalerLib", "BooleanMarshalerLib\BooleanMarshalerLib.csproj", "{C8B1480C-E90E-413B-87D2-EACE9EB4F7ED}"
EndProject
Project("{FAE04EC0-301F-11D3-BF4B-00C04F79EFBC}") = "StringMarshalerLib", "StringMarshalerLib\StringMarshalerLib.csproj", "{2063D71D-84F2-44DD-AEE6-5F9649BFA34B}"
EndProject
Project("{FAE04EC0-301F-11D3-BF4B-00C04F79EFBC}") = "IntegerMarshalerLib", "IntegerMarshalerLib\IntegerMarshalerLib.csproj", "{A8751E5D-A6E9-40EC-BF9E-0441EB40904E}"
EndProject
Project("{FAE04EC0-301F-11D3-BF4B-00C04F79EFBC}") = "BooleanMarshalerLibTest", "BooleanMarshalerLibTest\BooleanMarshalerLibTest.csproj", "{F6A3ED7C-7276-49F6-940A-8FD38C35D5EA}"
EndProject
Project("{FAE04EC0-301F-11D3-BF4B-00C04F79EFBC}") = "StringMarshalerLibTest", "StringMarshalerLibTest\StringMarshalerLibTest.csproj", "{818F6902-5503-4242-9F23-D4895853CBBD}"
EndProject
Project("{FAE04EC0-301F-11D3-BF4B-00C04F79EFBC}") = "IntegerMarshalerLibTest", "IntegerMarshalerLibTest\IntegerMarshalerLibTest.csproj", "{0ED5D45C-B30B-4E02-83A1-56410DBC5A23}"
EndProject
Project("{FAE04EC0-301F-11D3-BF4B-00C04F79EFBC}") = "ArgumentMarshalerLibTest", "ArgumentMarshalerLibTest\ArgumentMarshalerLibTest.csproj", "{4D731FA4-D578-471A-8E67-0111911FD076}"
EndProject
Project("{FAE04EC0-301F-11D3-BF4B-00C04F79EFBC}") = "DoubleMarshalerLib", "DoubleMarshalerLib\DoubleMarshalerLib.csproj", "{F31DDA37-DEB0-4F25-A9E1-44E8EBE84857}"
EndProject
Project("{FAE04EC0-301F-11D3-BF4B-00C04F79EFBC}") = "DoubleMarshalerLibTest", "DoubleMarshalerLibTest\DoubleMarshalerLibTest.csproj", "{964EC274-2016-4ECE-84C8-6259A4BEEC9A}"
EndProject
Global
	GlobalSection(SolutionConfigurationPlatforms) = preSolution
		Debug|Any CPU = Debug|Any CPU
		Release|Any CPU = Release|Any CPU
	EndGlobalSection
	GlobalSection(ProjectConfigurationPlatforms) = postSolution
		{4D3A5E95-3734-4E44-8FF3-1ED00EEA54BD}.Debug|Any CPU.ActiveCfg = Debug|Any CPU
		{4D3A5E95-3734-4E44-8FF3-1ED00EEA54BD}.Debug|Any CPU.Build.0 = Debug|Any CPU
		{4D3A5E95-3734-4E44-8FF3-1ED00EEA54BD}.Release|Any CPU.ActiveCfg = Release|Any CPU
		{4D3A5E95-3734-4E44-8FF3-1ED00EEA54BD}.Release|Any CPU.Build.0 = Release|Any CPU
		{A92E061F-46B4-4C15-BA04-0A35E04B0880}.Debug|Any CPU.ActiveCfg = Debug|Any CPU
		{A92E061F-46B4-4C15-BA04-0A35E04B0880}.Debug|Any CPU.Build.0 = Debug|Any CPU
		{A92E061F-46B4-4C15-BA04-0A35E04B0880}.Release|Any CPU.ActiveCfg = Release|Any CPU
		{A92E061F-46B4-4C15-BA04-0A35E04B0880}.Release|Any CPU.Build.0 = Release|Any CPU
		{5136DBB5-E651-4C90-B173-104F35852087}.Debug|Any CPU.ActiveCfg = Debug|Any CPU
		{5136DBB5-E651-4C90-B173-104F35852087}.Debug|Any CPU.Build.0 = Debug|Any CPU
		{5136DBB5-E651-4C90-B173-104F35852087}.Release|Any CPU.ActiveCfg = Release|Any CPU
		{5136DBB5-E651-4C90-B173-104F35852087}.Release|Any CPU.Build.0 = Release|Any CPU
		{7C90BE70-0FC7-4E54-942E-7C575772E5BE}.Debug|Any CPU.ActiveCfg = Debug|Any CPU
		{7C90BE70-0FC7-4E54-942E-7C575772E5BE}.Debug|Any CPU.Build.0 = Debug|Any CPU
		{7C90BE70-0FC7-4E54-942E-7C575772E5BE}.Release|Any CPU.ActiveCfg = Release|Any CPU
		{7C90BE70-0FC7-4E54-942E-7C575772E5BE}.Release|Any CPU.Build.0 = Release|Any CPU
		{C8B1480C-E90E-413B-87D2-EACE9EB4F7ED}.Debug|Any CPU.ActiveCfg = Debug|Any CPU
		{C8B1480C-E90E-413B-87D2-EACE9EB4F7ED}.Debug|Any CPU.Build.0 = Debug|Any CPU
		{C8B1480C-E90E-413B-87D2-EACE9EB4F7ED}.Release|Any CPU.ActiveCfg = Release|Any CPU
		{C8B1480C-E90E-413B-87D2-EACE9EB4F7ED}.Release|Any CPU.Build.0 = Release|Any CPU
		{2063D71D-84F2-44DD-AEE6-5F9649BFA34B}.Debug|Any CPU.ActiveCfg = Debug|Any CPU
		{2063D71D-84F2-44DD-AEE6-5F9649BFA34B}.Debug|Any CPU.Build.0 = Debug|Any CPU
		{2063D71D-84F2-44DD-AEE6-5F9649BFA34B}.Release|Any CPU.ActiveCfg = Release|Any CPU
		{2063D71D-84F2-44DD-AEE6-5F9649BFA34B}.Release|Any CPU.Build.0 = Release|Any CPU
		{A8751E5D-A6E9-40EC-BF9E-0441EB40904E}.Debug|Any CPU.ActiveCfg = Debug|Any CPU
		{A8751E5D-A6E9-40EC-BF9E-0441EB40904E}.Debug|Any CPU.Build.0 = Debug|Any CPU
		{A8751E5D-A6E9-40EC-BF9E-0441EB40904E}.Release|Any CPU.ActiveCfg = Release|Any CPU
		{A8751E5D-A6E9-40EC-BF9E-0441EB40904E}.Release|Any CPU.Build.0 = Release|Any CPU
		{F6A3ED7C-7276-49F6-940A-8FD38C35D5EA}.Debug|Any CPU.ActiveCfg = Debug|Any CPU
		{F6A3ED7C-7276-49F6-940A-8FD38C35D5EA}.Debug|Any CPU.Build.0 = Debug|Any CPU
		{F6A3ED7C-7276-49F6-940A-8FD38C35D5EA}.Release|Any CPU.ActiveCfg = Release|Any CPU
		{F6A3ED7C-7276-49F6-940A-8FD38C35D5EA}.Release|Any CPU.Build.0 = Release|Any CPU
		{818F6902-5503-4242-9F23-D4895853CBBD}.Debug|Any CPU.ActiveCfg = Debug|Any CPU
		{818F6902-5503-4242-9F23-D4895853CBBD}.Debug|Any CPU.Build.0 = Debug|Any CPU
		{818F6902-5503-4242-9F23-D4895853CBBD}.Release|Any CPU.ActiveCfg = Release|Any CPU
		{818F6902-5503-4242-9F23-D4895853CBBD}.Release|Any CPU.Build.0 = Release|Any CPU
		{0ED5D45C-B30B-4E02-83A1-56410DBC5A23}.Debug|Any CPU.ActiveCfg = Debug|Any CPU
		{0ED5D45C-B30B-4E02-83A1-56410DBC5A23}.Debug|Any CPU.Build.0 = Debug|Any CPU
		{0ED5D45C-B30B-4E02-83A1-56410DBC5A23}.Release|Any CPU.ActiveCfg = Release|Any CPU
		{0ED5D45C-B30B-4E02-83A1-56410DBC5A23}.Release|Any CPU.Build.0 = Release|Any CPU
		{4D731FA4-D578-471A-8E67-0111911FD076}.Debug|Any CPU.ActiveCfg = Debug|Any CPU
		{4D731FA4-D578-471A-8E67-0111911FD076}.Debug|Any CPU.Build.0 = Debug|Any CPU
		{4D731FA4-D578-471A-8E67-0111911FD076}.Release|Any CPU.ActiveCfg = Release|Any CPU
		{4D731FA4-D578-471A-8E67-0111911FD076}.Release|Any CPU.Build.0 = Release|Any CPU
		{F31DDA37-DEB0-4F25-A9E1-44E8EBE84857}.Debug|Any CPU.ActiveCfg = Debug|Any CPU
		{F31DDA37-DEB0-4F25-A9E1-44E8EBE84857}.Debug|Any CPU.Build.0 = Debug|Any CPU
		{F31DDA37-DEB0-4F25-A9E1-44E8EBE84857}.Release|Any CPU.ActiveCfg = Release|Any CPU
		{F31DDA37-DEB0-4F25-A9E1-44E8EBE84857}.Release|Any CPU.Build.0 = Release|Any CPU
		{964EC274-2016-4ECE-84C8-6259A4BEEC9A}.Debug|Any CPU.ActiveCfg = Debug|Any CPU
		{964EC274-2016-4ECE-84C8-6259A4BEEC9A}.Debug|Any CPU.Build.0 = Debug|Any CPU
		{964EC274-2016-4ECE-84C8-6259A4BEEC9A}.Release|Any CPU.ActiveCfg = Release|Any CPU
		{964EC274-2016-4ECE-84C8-6259A4BEEC9A}.Release|Any CPU.Build.0 = Release|Any CPU
	EndGlobalSection
	GlobalSection(SolutionProperties) = preSolution
		HideSolutionNode = FALSE
	EndGlobalSection
	GlobalSection(ExtensibilityGlobals) = postSolution
		SolutionGuid = {3C801500-10BF-4576-B8FF-F1F73E614DFD}
	EndGlobalSection
EndGlobal
